lockfileVersion: '9.0'

settings:
  autoInstallPeers: true
  excludeLinksFromLockfile: false

importers:

  .:
    dependencies:
      turbo:
        specifier: 2.4.5-canary.2
        version: 2.4.5-canary.2

packages:

  turbo-darwin-64@2.4.5-canary.2:
    resolution: {integrity: sha512-TMXbJAvFusb61b5voviRFz6wFR05smXvAOTzsp3wniGvhZrt8oh7iE44aTtVluDTiSPDBNVuUXNraY8IJ+BsTg==}
    cpu: [x64]
    os: [darwin]

  turbo-darwin-arm64@2.4.5-canary.2:
    resolution: {integrity: sha512-+rPNTjmO7v+hiQfh1jKSJdrUd6aqmacviovwpK+1wFtSoZDmbzcr1hp8lMph5JCCNZJG8SIxNdeF9xASHtQ0lw==}
    cpu: [arm64]
    os: [darwin]

  turbo-linux-64@2.4.5-canary.2:
    resolution: {integrity: sha512-fo3TSm1ik8sZp1FYoVkjRv7Jm8fIqFshaAZnsPcTUIWvtk/pxg+HyVVAlv0JFStoBx/cZ/P6sT25RC5gQiKvog==}
    cpu: [x64]
    os: [linux]

  turbo-linux-arm64@2.4.5-canary.2:
    resolution: {integrity: sha512-SuG5IUG03OOjk//t4aVf5IoE7Igmxop6s8vNLtz1rzkJGRBNWWkSPAcvcVnDJ9VVWRdtq3V6WlH78K6t/GznCA==}
    cpu: [arm64]
    os: [linux]

  turbo-windows-64@2.4.5-canary.2:
    resolution: {integrity: sha512-JdVTCWXnGiOL7vzSc5QO6h9mFbhR/WrpYlb/PFdRxKNiQWIRUFFOwEslP8y5vfzvXiJl7uVBWQ35ORVUnSCr3g==}
    cpu: [x64]
    os: [win32]

  turbo-windows-arm64@2.4.5-canary.2:
    resolution: {integrity: sha512-hM23aBoiDPqx0FWBq9/V4LmkFhgVIism9ImXUS7ZsydCgb3AtEZKfeZn+Zcrn1jL6dMqNdNebeqiC6zb0UXEsw==}
    cpu: [arm64]
    os: [win32]

  turbo@2.4.5-canary.2:
    resolution: {integrity: sha512-PrsONV6gaHhnxGiM38vm+46sNtOqs67X2Px83S+yZ1yM9x3iaDDV+zdcrGIHHOp61QglSxzHPHCPibCOHM6Hpw==}
    hasBin: true

snapshots:

  turbo-darwin-64@2.4.5-canary.2:
    optional: true

  turbo-darwin-arm64@2.4.5-canary.2:
    optional: true

  turbo-linux-64@2.4.5-canary.2:
    optional: true

  turbo-linux-arm64@2.4.5-canary.2:
    optional: true

  turbo-windows-64@2.4.5-canary.2:
    optional: true

  turbo-windows-arm64@2.4.5-canary.2:
    optional: true

  turbo@2.4.5-canary.2:
    optionalDependencies:
      turbo-darwin-64: 2.4.5-canary.2
      turbo-darwin-arm64: 2.4.5-canary.2
      turbo-linux-64: 2.4.5-canary.2
      turbo-linux-arm64: 2.4.5-canary.2
      turbo-windows-64: 2.4.5-canary.2
      turbo-windows-arm64: 2.4.5-canary.2
